
Microsoft Visual Studio Solution File, Format Version 12.00
# Visual Studio Version 16
VisualStudioVersion = 16.0.29709.97
MinimumVisualStudioVersion = 10.0.40219.1
Project("{FAE04EC0-301F-11D3-BF4B-00C04F79EFBC}") = "Task_Assignment2", "Task_Assignment2\Task_Assignment2.csproj", "{77E2E8DB-3786-441F-8731-4A51F444CBC9}"
EndProject
Global
	GlobalSection(SolutionConfigurationPlatforms) = preSolution
		Debug|Any CPU = Debug|Any CPU
		Release|Any CPU = Release|Any CPU
	EndGlobalSection
	GlobalSection(ProjectConfigurationPlatforms) = postSolution
		{77E2E8DB-3786-441F-8731-4A51F444CBC9}.Debug|Any CPU.ActiveCfg = Debug|Any CPU
		{77E2E8DB-3786-441F-8731-4A51F444CBC9}.Debug|Any CPU.Build.0 = Debug|Any CPU
		{77E2E8DB-3786-441F-8731-4A51F444CBC9}.Release|Any CPU.ActiveCfg = Release|Any CPU
		{77E2E8DB-3786-441F-8731-4A51F444CBC9}.Release|Any CPU.Build.0 = Release|Any CPU
	EndGlobalSection
	GlobalSection(SolutionProperties) = preSolution
		HideSolutionNode = FALSE
	EndGlobalSection
	GlobalSection(ExtensibilityGlobals) = postSolution
		SolutionGuid = {AFA8AC52-B51E-429D-9767-A5CCDF56C9B9}
	EndGlobalSection
EndGlobal
